<?xml version="1.0" encoding="utf-8"?>
<Project ToolsVersion="4.0" xmlns="http://schemas.microsoft.com/developer/msbuild/2003">
  <ItemGroup>
    <Filter Include="Source files">
      <UniqueIdentifier>{054fce9f-3f98-4a4a-93fd-af4b8c9212eb}</UniqueIdentifier>
      <Extensions>cpp;c;cc;cxx;def;odl;idl;hpj;bat;asm;asmx</Extensions>
    </Filter>
    <Filter Include="Header files">
      <UniqueIdentifier>{4a5d43db-6065-4863-a142-acd0988135a5}</UniqueIdentifier>
      <Extensions>h;hpp;hxx;hm;inl;inc;xsd</Extensions>
    </Filter>
    <Filter Include="Resource files">
      <UniqueIdentifier>{ad29109d-f22d-4bde-97b2-196640421afb}</UniqueIdentifier>
      <Extensions>rc;ico;cur;bmp;dlg;rc2;rct;bin;rgs;gif;jpg;jpeg;jpe;resx;tiff;tif;png;wav</Extensions>
    </Filter>
    <Filter Include="Source files\Core">
      <UniqueIdentifier>{b5568d7f-4ecd-4539-aed7-dfbfd1713aad}</UniqueIdentifier>
    </Filter>
    <Filter Include="Source files\Core\Inc">
      <UniqueIdentifier>{6b59722d-ca1b-4f80-8ecd-e0d6e8408f60}</UniqueIdentifier>
    </Filter>
    <Filter Include="Source files\Core\Src">
      <UniqueIdentifier>{a16835cb-910c-4795-9f84-e2c7b66d2f20}</UniqueIdentifier>
    </Filter>
    <Filter Include="Source files\Core\Startup">
      <UniqueIdentifier>{9f00d3e8-18b6-4e5a-a887-2a3189ee2951}</UniqueIdentifier>
    </Filter>
    <Filter Include="Source files\Drivers">
      <UniqueIdentifier>{ab969bb8-a848-44b0-9d8a-ae7891a0d03c}</UniqueIdentifier>
    </Filter>
    <Filter Include="Source files\Drivers\CMSIS">
      <UniqueIdentifier>{8e3a99d4-2fe6-4a83-a8d3-da7ce5396a29}</UniqueIdentifier>
    </Filter>
    <Filter Include="Source files\Drivers\CMSIS\Device">
      <UniqueIdentifier>{f8c264b9-30d9-485c-9ae0-5beaff6bffe1}</UniqueIdentifier>
    </Filter>
    <Filter Include="Source files\Drivers\CMSIS\Device\ST">
      <UniqueIdentifier>{c6ac21da-0a38-4c86-82bc-be3b6b0deed0}</UniqueIdentifier>
    </Filter>
    <Filter Include="Source files\Drivers\CMSIS\Device\ST\STM32G0xx">
      <UniqueIdentifier>{63c0c8fa-b392-4586-b1c0-3b838f310d0c}</UniqueIdentifier>
    </Filter>
    <Filter Include="Source files\Drivers\CMSIS\Device\ST\STM32G0xx\Include">
      <UniqueIdentifier>{219cecea-72a1-4d82-802b-ad0bcde8b4bf}</UniqueIdentifier>
    </Filter>
    <Filter Include="Source files\Drivers\CMSIS\Include">
      <UniqueIdentifier>{14531a33-f522-4251-bd61-7adca5046245}</UniqueIdentifier>
    </Filter>
    <Filter Include="Source files\Drivers\STM32G0xx_HAL_Driver">
      <UniqueIdentifier>{42187c38-51f4-4ff6-b062-90a78fb24ecb}</UniqueIdentifier>
    </Filter>
    <Filter Include="Source files\Drivers\STM32G0xx_HAL_Driver\Inc">
      <UniqueIdentifier>{95e85fcb-c55d-4e02-ae2b-50e8229a94f7}</UniqueIdentifier>
    </Filter>
    <Filter Include="Source files\Drivers\STM32G0xx_HAL_Driver\Inc\Legacy">
      <UniqueIdentifier>{b51fff5f-72fa-4d1a-903d-ebae5ed57d6d}</UniqueIdentifier>
    </Filter>
    <Filter Include="Source files\Drivers\STM32G0xx_HAL_Driver\Src">
      <UniqueIdentifier>{9a379055-68db-45aa-9381-241efb8141e9}</UniqueIdentifier>
    </Filter>
    <Filter Include="Source files\Device-specific files">
      <UniqueIdentifier>{ab88a9b7-5104-4427-b79d-e6506261b4ab}</UniqueIdentifier>
    </Filter>
    <Filter Include="Header files\Core">
      <UniqueIdentifier>{4bb49768-061c-40fe-9020-fa1594597c8d}</UniqueIdentifier>
    </Filter>
    <Filter Include="Header files\Core\Inc">
      <UniqueIdentifier>{7d5c6cfa-b869-4ed2-ab1d-38919e5aadec}</UniqueIdentifier>
    </Filter>
    <Filter Include="Header files\Core\Src">
      <UniqueIdentifier>{18bbe0ee-5119-4046-ab46-6a2408222e0e}</UniqueIdentifier>
    </Filter>
    <Filter Include="Header files\Core\Startup">
      <UniqueIdentifier>{15bc2a72-c81d-4f84-91e3-5e849b80ae67}</UniqueIdentifier>
    </Filter>
    <Filter Include="Header files\Drivers">
      <UniqueIdentifier>{fde89843-2c65-41ac-b8a4-54b5b66856e8}</UniqueIdentifier>
    </Filter>
    <Filter Include="Header files\Drivers\CMSIS">
      <UniqueIdentifier>{069c782e-544f-46d2-9175-6631d4d4669c}</UniqueIdentifier>
    </Filter>
    <Filter Include="Header files\Drivers\CMSIS\Device">
      <UniqueIdentifier>{6977c789-cefc-4c8f-9f77-8ae011595a00}</UniqueIdentifier>
    </Filter>
    <Filter Include="Header files\Drivers\CMSIS\Device\ST">
      <UniqueIdentifier>{2172de09-cce3-4a40-86ee-b399cb923f34}</UniqueIdentifier>
    </Filter>
    <Filter Include="Header files\Drivers\CMSIS\Device\ST\STM32G0xx">
      <UniqueIdentifier>{54feb2d6-7aa3-45ba-9817-7208e7deaf3d}</UniqueIdentifier>
    </Filter>
    <Filter Include="Header files\Drivers\CMSIS\Device\ST\STM32G0xx\Include">
      <UniqueIdentifier>{4d5b4c34-4180-4c56-8b16-bd0410638468}</UniqueIdentifier>
    </Filter>
    <Filter Include="Header files\Drivers\CMSIS\Include">
      <UniqueIdentifier>{3eb56b55-546b-48e7-950b-15efaaacd297}</UniqueIdentifier>
    </Filter>
    <Filter Include="Header files\Drivers\STM32G0xx_HAL_Driver">
      <UniqueIdentifier>{03ae99f9-a002-43e3-bfcf-5a8b1a56649e}</UniqueIdentifier>
    </Filter>
    <Filter Include="Header files\Drivers\STM32G0xx_HAL_Driver\Inc">
      <UniqueIdentifier>{b87a4d4b-664f-470c-8191-2131b09b6fe3}</UniqueIdentifier>
    </Filter>
    <Filter Include="Header files\Drivers\STM32G0xx_HAL_Driver\Inc\Legacy">
      <UniqueIdentifier>{68336ef2-6e1b-422a-a0fe-4ec6c595282c}</UniqueIdentifier>
    </Filter>
    <Filter Include="Header files\Drivers\STM32G0xx_HAL_Driver\Src">
      <UniqueIdentifier>{00feba08-1307-4e53-a94f-115b8c6764bf}</UniqueIdentifier>
    </Filter>
    <Filter Include="Header files\Device-specific files">
      <UniqueIdentifier>{1e4aded7-0d83-4af9-948b-14c04b42945f}</UniqueIdentifier>
    </Filter>
    <Filter Include="VisualGDB settings">
      <UniqueIdentifier>{3e065fc8-b497-4cf7-804b-0af2875eb9a8}</UniqueIdentifier>
    </Filter>
  </ItemGroup>
  <ItemGroup>
    <ClCompile Include="..\Core\Src\main.c">
      <Filter>Source files\Core\Src</Filter>
    </ClCompile>
    <ClCompile Include="..\Core\Src\stm32g0xx_hal_msp.c">
      <Filter>Source files\Core\Src</Filter>
    </ClCompile>
    <ClCompile Include="..\Core\Src\stm32g0xx_it.c">
      <Filter>Source files\Core\Src</Filter>
    </ClCompile>
    <ClCompile Include="..\Core\Src\syscalls.c">
      <Filter>Source files\Core\Src</Filter>
    </ClCompile>
    <ClCompile Include="..\Core\Src\sysmem.c">
      <Filter>Source files\Core\Src</Filter>
    </ClCompile>
    <ClCompile Include="..\Core\Src\system_stm32g0xx.c">
      <Filter>Source files\Core\Src</Filter>
    </ClCompile>
    <ClCompile Include="..\Core\Startup\startup_stm32g070rbtx.S">
      <Filter>Source files\Core\Startup</Filter>
    </ClCompile>
    <ClCompile Include="..\Drivers\STM32G0xx_HAL_Driver\Src\stm32g0xx_hal.c">
      <Filter>Source files\Drivers\STM32G0xx_HAL_Driver\Src</Filter>
    </ClCompile>
    <ClCompile Include="..\Drivers\STM32G0xx_HAL_Driver\Src\stm32g0xx_hal_cortex.c">
      <Filter>Source files\Drivers\STM32G0xx_HAL_Driver\Src</Filter>
    </ClCompile>
    <ClCompile Include="..\Drivers\STM32G0xx_HAL_Driver\Src\stm32g0xx_hal_dma.c">
      <Filter>Source files\Drivers\STM32G0xx_HAL_Driver\Src</Filter>
    </ClCompile>
    <ClCompile Include="..\Drivers\STM32G0xx_HAL_Driver\Src\stm32g0xx_hal_dma_ex.c">
      <Filter>Source files\Drivers\STM32G0xx_HAL_Driver\Src</Filter>
    </ClCompile>
    <ClCompile Include="..\Drivers\STM32G0xx_HAL_Driver\Src\stm32g0xx_hal_exti.c">
      <Filter>Source files\Drivers\STM32G0xx_HAL_Driver\Src</Filter>
    </ClCompile>
    <ClCompile Include="..\Drivers\STM32G0xx_HAL_Driver\Src\stm32g0xx_hal_flash.c">
      <Filter>Source files\Drivers\STM32G0xx_HAL_Driver\Src</Filter>
    </ClCompile>
    <ClCompile Include="..\Drivers\STM32G0xx_HAL_Driver\Src\stm32g0xx_hal_flash_ex.c">
      <Filter>Source files\Drivers\STM32G0xx_HAL_Driver\Src</Filter>
    </ClCompile>
    <ClCompile Include="..\Drivers\STM32G0xx_HAL_Driver\Src\stm32g0xx_hal_gpio.c">
      <Filter>Source files\Drivers\STM32G0xx_HAL_Driver\Src</Filter>
    </ClCompile>
    <ClCompile Include="..\Drivers\STM32G0xx_HAL_Driver\Src\stm32g0xx_hal_pwr.c">
      <Filter>Source files\Drivers\STM32G0xx_HAL_Driver\Src</Filter>
    </ClCompile>
    <ClCompile Include="..\Drivers\STM32G0xx_HAL_Driver\Src\stm32g0xx_hal_pwr_ex.c">
      <Filter>Source files\Drivers\STM32G0xx_HAL_Driver\Src</Filter>
    </ClCompile>
    <ClCompile Include="..\Drivers\STM32G0xx_HAL_Driver\Src\stm32g0xx_hal_rcc.c">
      <Filter>Source files\Drivers\STM32G0xx_HAL_Driver\Src</Filter>
    </ClCompile>
    <ClCompile Include="..\Drivers\STM32G0xx_HAL_Driver\Src\stm32g0xx_hal_rcc_ex.c">
      <Filter>Source files\Drivers\STM32G0xx_HAL_Driver\Src</Filter>
    </ClCompile>
    <ClCompile Include="..\Drivers\STM32G0xx_HAL_Driver\Src\stm32g0xx_hal_tim.c">
      <Filter>Source files\Drivers\STM32G0xx_HAL_Driver\Src</Filter>
    </ClCompile>
    <ClCompile Include="..\Drivers\STM32G0xx_HAL_Driver\Src\stm32g0xx_hal_tim_ex.c">
      <Filter>Source files\Drivers\STM32G0xx_HAL_Driver\Src</Filter>
    </ClCompile>
    <ClCompile Include="..\Drivers\STM32G0xx_HAL_Driver\Src\stm32g0xx_hal_uart.c">
      <Filter>Source files\Drivers\STM32G0xx_HAL_Driver\Src</Filter>
    </ClCompile>
    <ClCompile Include="..\Drivers\STM32G0xx_HAL_Driver\Src\stm32g0xx_hal_uart_ex.c">
      <Filter>Source files\Drivers\STM32G0xx_HAL_Driver\Src</Filter>
    </ClCompile>
    <ClCompile Include="..\Drivers\STM32G0xx_HAL_Driver\Src\stm32g0xx_ll_dma.c">
      <Filter>Source files\Drivers\STM32G0xx_HAL_Driver\Src</Filter>
    </ClCompile>
    <ClCompile Include="..\Drivers\STM32G0xx_HAL_Driver\Src\stm32g0xx_ll_rcc.c">
      <Filter>Source files\Drivers\STM32G0xx_HAL_Driver\Src</Filter>
    </ClCompile>
    <None Include="stm32.props">
      <Filter>Source files\Device-specific files</Filter>
    </None>
    <ClInclude Include="..\Core\Inc\main.h">
      <Filter>Header files\Core\Inc</Filter>
    </ClInclude>
    <ClInclude Include="..\Core\Inc\stm32g0xx_hal_conf.h">
      <Filter>Header files\Core\Inc</Filter>
    </ClInclude>
    <ClInclude Include="..\Core\Inc\stm32g0xx_it.h">
      <Filter>Header files\Core\Inc</Filter>
    </ClInclude>
    <ClInclude Include="..\Drivers\CMSIS\Device\ST\STM32G0xx\Include\stm32g070xx.h">
      <Filter>Header files\Drivers\CMSIS\Device\ST\STM32G0xx\Include</Filter>
    </ClInclude>
    <ClInclude Include="..\Drivers\CMSIS\Device\ST\STM32G0xx\Include\stm32g0xx.h">
      <Filter>Header files\Drivers\CMSIS\Device\ST\STM32G0xx\Include</Filter>
    </ClInclude>
    <ClInclude Include="..\Drivers\CMSIS\Device\ST\STM32G0xx\Include\system_stm32g0xx.h">
      <Filter>Header files\Drivers\CMSIS\Device\ST\STM32G0xx\Include</Filter>
    </ClInclude>
    <ClInclude Include="..\Drivers\CMSIS\Include\cmsis_armcc.h">
      <Filter>Header files\Drivers\CMSIS\Include</Filter>
    </ClInclude>
    <ClInclude Include="..\Drivers\CMSIS\Include\cmsis_armclang.h">
      <Filter>Header files\Drivers\CMSIS\Include</Filter>
    </ClInclude>
    <ClInclude Include="..\Drivers\CMSIS\Include\cmsis_armclang_ltm.h">
      <Filter>Header files\Drivers\CMSIS\Include</Filter>
    </ClInclude>
    <ClInclude Include="..\Drivers\CMSIS\Include\cmsis_compiler.h">
      <Filter>Header files\Drivers\CMSIS\Include</Filter>
    </ClInclude>
    <ClInclude Include="..\Drivers\CMSIS\Include\cmsis_gcc.h">
      <Filter>Header files\Drivers\CMSIS\Include</Filter>
    </ClInclude>
    <ClInclude Include="..\Drivers\CMSIS\Include\cmsis_iccarm.h">
      <Filter>Header files\Drivers\CMSIS\Include</Filter>
    </ClInclude>
    <ClInclude Include="..\Drivers\CMSIS\Include\cmsis_version.h">
      <Filter>Header files\Drivers\CMSIS\Include</Filter>
    </ClInclude>
    <ClInclude Include="..\Drivers\CMSIS\Include\core_armv81mml.h">
      <Filter>Header files\Drivers\CMSIS\Include</Filter>
    </ClInclude>
    <ClInclude Include="..\Drivers\CMSIS\Include\core_armv8mbl.h">
      <Filter>Header files\Drivers\CMSIS\Include</Filter>
    </ClInclude>
    <ClInclude Include="..\Drivers\CMSIS\Include\core_armv8mml.h">
      <Filter>Header files\Drivers\CMSIS\Include</Filter>
    </ClInclude>
    <ClInclude Include="..\Drivers\CMSIS\Include\core_cm0.h">
      <Filter>Header files\Drivers\CMSIS\Include</Filter>
    </ClInclude>
    <ClInclude Include="..\Drivers\CMSIS\Include\core_cm0plus.h">
      <Filter>Header files\Drivers\CMSIS\Include</Filter>
    </ClInclude>
    <ClInclude Include="..\Drivers\CMSIS\Include\core_cm1.h">
      <Filter>Header files\Drivers\CMSIS\Include</Filter>
    </ClInclude>
    <ClInclude Include="..\Drivers\CMSIS\Include\core_cm23.h">
      <Filter>Header files\Drivers\CMSIS\Include</Filter>
    </ClInclude>
    <ClInclude Include="..\Drivers\CMSIS\Include\core_cm3.h">
      <Filter>Header files\Drivers\CMSIS\Include</Filter>
    </ClInclude>
    <ClInclude Include="..\Drivers\CMSIS\Include\core_cm33.h">
      <Filter>Header files\Drivers\CMSIS\Include</Filter>
    </ClInclude>
    <ClInclude Include="..\Drivers\CMSIS\Include\core_cm35p.h">
      <Filter>Header files\Drivers\CMSIS\Include</Filter>
    </ClInclude>
    <ClInclude Include="..\Drivers\CMSIS\Include\core_cm4.h">
      <Filter>Header files\Drivers\CMSIS\Include</Filter>
    </ClInclude>
    <ClInclude Include="..\Drivers\CMSIS\Include\core_cm7.h">
      <Filter>Header files\Drivers\CMSIS\Include</Filter>
    </ClInclude>
    <ClInclude Include="..\Drivers\CMSIS\Include\core_sc000.h">
      <Filter>Header files\Drivers\CMSIS\Include</Filter>
    </ClInclude>
    <ClInclude Include="..\Drivers\CMSIS\Include\core_sc300.h">
      <Filter>Header files\Drivers\CMSIS\Include</Filter>
    </ClInclude>
    <ClInclude Include="..\Drivers\CMSIS\Include\mpu_armv7.h">
      <Filter>Header files\Drivers\CMSIS\Include</Filter>
    </ClInclude>
    <ClInclude Include="..\Drivers\CMSIS\Include\mpu_armv8.h">
      <Filter>Header files\Drivers\CMSIS\Include</Filter>
    </ClInclude>
    <ClInclude Include="..\Drivers\CMSIS\Include\tz_context.h">
      <Filter>Header files\Drivers\CMSIS\Include</Filter>
    </ClInclude>
    <ClInclude Include="..\Drivers\STM32G0xx_HAL_Driver\Inc\stm32g0xx_hal.h">
      <Filter>Header files\Drivers\STM32G0xx_HAL_Driver\Inc</Filter>
    </ClInclude>
    <ClInclude Include="..\Drivers\STM32G0xx_HAL_Driver\Inc\stm32g0xx_hal_cortex.h">
      <Filter>Header files\Drivers\STM32G0xx_HAL_Driver\Inc</Filter>
    </ClInclude>
    <ClInclude Include="..\Drivers\STM32G0xx_HAL_Driver\Inc\stm32g0xx_hal_def.h">
      <Filter>Header files\Drivers\STM32G0xx_HAL_Driver\Inc</Filter>
    </ClInclude>
    <ClInclude Include="..\Drivers\STM32G0xx_HAL_Driver\Inc\stm32g0xx_hal_dma.h">
      <Filter>Header files\Drivers\STM32G0xx_HAL_Driver\Inc</Filter>
    </ClInclude>
    <ClInclude Include="..\Drivers\STM32G0xx_HAL_Driver\Inc\stm32g0xx_hal_dma_ex.h">
      <Filter>Header files\Drivers\STM32G0xx_HAL_Driver\Inc</Filter>
    </ClInclude>
    <ClInclude Include="..\Drivers\STM32G0xx_HAL_Driver\Inc\stm32g0xx_hal_exti.h">
      <Filter>Header files\Drivers\STM32G0xx_HAL_Driver\Inc</Filter>
    </ClInclude>
    <ClInclude Include="..\Drivers\STM32G0xx_HAL_Driver\Inc\stm32g0xx_hal_flash.h">
      <Filter>Header files\Drivers\STM32G0xx_HAL_Driver\Inc</Filter>
    </ClInclude>
    <ClInclude Include="..\Drivers\STM32G0xx_HAL_Driver\Inc\stm32g0xx_hal_flash_ex.h">
      <Filter>Header files\Drivers\STM32G0xx_HAL_Driver\Inc</Filter>
    </ClInclude>
    <ClInclude Include="..\Drivers\STM32G0xx_HAL_Driver\Inc\stm32g0xx_hal_gpio.h">
      <Filter>Header files\Drivers\STM32G0xx_HAL_Driver\Inc</Filter>
    </ClInclude>
    <ClInclude Include="..\Drivers\STM32G0xx_HAL_Driver\Inc\stm32g0xx_hal_gpio_ex.h">
      <Filter>Header files\Drivers\STM32G0xx_HAL_Driver\Inc</Filter>
    </ClInclude>
    <ClInclude Include="..\Drivers\STM32G0xx_HAL_Driver\Inc\stm32g0xx_hal_pwr.h">
      <Filter>Header files\Drivers\STM32G0xx_HAL_Driver\Inc</Filter>
    </ClInclude>
    <ClInclude Include="..\Drivers\STM32G0xx_HAL_Driver\Inc\stm32g0xx_hal_pwr_ex.h">
      <Filter>Header files\Drivers\STM32G0xx_HAL_Driver\Inc</Filter>
    </ClInclude>
    <ClInclude Include="..\Drivers\STM32G0xx_HAL_Driver\Inc\stm32g0xx_hal_rcc.h">
      <Filter>Header files\Drivers\STM32G0xx_HAL_Driver\Inc</Filter>
    </ClInclude>
    <ClInclude Include="..\Drivers\STM32G0xx_HAL_Driver\Inc\stm32g0xx_hal_rcc_ex.h">
      <Filter>Header files\Drivers\STM32G0xx_HAL_Driver\Inc</Filter>
    </ClInclude>
    <ClInclude Include="..\Drivers\STM32G0xx_HAL_Driver\Inc\stm32g0xx_hal_tim.h">
      <Filter>Header files\Drivers\STM32G0xx_HAL_Driver\Inc</Filter>
    </ClInclude>
    <ClInclude Include="..\Drivers\STM32G0xx_HAL_Driver\Inc\stm32g0xx_hal_tim_ex.h">
      <Filter>Header files\Drivers\STM32G0xx_HAL_Driver\Inc</Filter>
    </ClInclude>
    <ClInclude Include="..\Drivers\STM32G0xx_HAL_Driver\Inc\stm32g0xx_hal_uart.h">
      <Filter>Header files\Drivers\STM32G0xx_HAL_Driver\Inc</Filter>
    </ClInclude>
    <ClInclude Include="..\Drivers\STM32G0xx_HAL_Driver\Inc\stm32g0xx_hal_uart_ex.h">
      <Filter>Header files\Drivers\STM32G0xx_HAL_Driver\Inc</Filter>
    </ClInclude>
    <ClInclude Include="..\Drivers\STM32G0xx_HAL_Driver\Inc\stm32g0xx_ll_bus.h">
      <Filter>Header files\Drivers\STM32G0xx_HAL_Driver\Inc</Filter>
    </ClInclude>
    <ClInclude Include="..\Drivers\STM32G0xx_HAL_Driver\Inc\stm32g0xx_ll_cortex.h">
      <Filter>Header files\Drivers\STM32G0xx_HAL_Driver\Inc</Filter>
    </ClInclude>
    <ClInclude Include="..\Drivers\STM32G0xx_HAL_Driver\Inc\stm32g0xx_ll_dma.h">
      <Filter>Header files\Drivers\STM32G0xx_HAL_Driver\Inc</Filter>
    </ClInclude>
    <ClInclude Include="..\Drivers\STM32G0xx_HAL_Driver\Inc\stm32g0xx_ll_dmamux.h">
      <Filter>Header files\Drivers\STM32G0xx_HAL_Driver\Inc</Filter>
    </ClInclude>
    <ClInclude Include="..\Drivers\STM32G0xx_HAL_Driver\Inc\stm32g0xx_ll_exti.h">
      <Filter>Header files\Drivers\STM32G0xx_HAL_Driver\Inc</Filter>
    </ClInclude>
    <ClInclude Include="..\Drivers\STM32G0xx_HAL_Driver\Inc\stm32g0xx_ll_gpio.h">
      <Filter>Header files\Drivers\STM32G0xx_HAL_Driver\Inc</Filter>
    </ClInclude>
    <ClInclude Include="..\Drivers\STM32G0xx_HAL_Driver\Inc\stm32g0xx_ll_lpuart.h">
      <Filter>Header files\Drivers\STM32G0xx_HAL_Driver\Inc</Filter>
    </ClInclude>
    <ClInclude Include="..\Drivers\STM32G0xx_HAL_Driver\Inc\stm32g0xx_ll_pwr.h">
      <Filter>Header files\Drivers\STM32G0xx_HAL_Driver\Inc</Filter>
    </ClInclude>
    <ClInclude Include="..\Drivers\STM32G0xx_HAL_Driver\Inc\stm32g0xx_ll_rcc.h">
      <Filter>Header files\Drivers\STM32G0xx_HAL_Driver\Inc</Filter>
    </ClInclude>
    <ClInclude Include="..\Drivers\STM32G0xx_HAL_Driver\Inc\stm32g0xx_ll_system.h">
      <Filter>Header files\Drivers\STM32G0xx_HAL_Driver\Inc</Filter>
    </ClInclude>
    <ClInclude Include="..\Drivers\STM32G0xx_HAL_Driver\Inc\stm32g0xx_ll_tim.h">
      <Filter>Header files\Drivers\STM32G0xx_HAL_Driver\Inc</Filter>
    </ClInclude>
    <ClInclude Include="..\Drivers\STM32G0xx_HAL_Driver\Inc\stm32g0xx_ll_usart.h">
      <Filter>Header files\Drivers\STM32G0xx_HAL_Driver\Inc</Filter>
    </ClInclude>
    <ClInclude Include="..\Drivers\STM32G0xx_HAL_Driver\Inc\stm32g0xx_ll_utils.h">
      <Filter>Header files\Drivers\STM32G0xx_HAL_Driver\Inc</Filter>
    </ClInclude>
    <ClInclude Include="..\Drivers\STM32G0xx_HAL_Driver\Inc\Legacy\stm32_hal_legacy.h">
      <Filter>Header files\Drivers\STM32G0xx_HAL_Driver\Inc\Legacy</Filter>
    </ClInclude>
    <None Include="bldc_IFX007T-Debug.vgdbsettings">
      <Filter>VisualGDB settings</Filter>
    </None>
    <None Include="bldc_IFX007T-Release.vgdbsettings">
      <Filter>VisualGDB settings</Filter>
    </None>
    <None Include="stm32.xml">
      <Filter>VisualGDB settings</Filter>
    </None>
    <ClCompile Include="..\Core\Src\motor_control.c">
      <Filter>Source files\Core\Src</Filter>
    </ClCompile>
    <ClCompile Include="..\Core\Src\serial_command.c">
      <Filter>Source files\Core\Src</Filter>
    </ClCompile>
  </ItemGroup>
  <ItemGroup>
    <ClInclude Include="..\Core\Inc\motor_control.h">
      <Filter>Source files\Core\Inc</Filter>
    </ClInclude>
    <ClInclude Include="..\Core\Inc\serial_command.h">
      <Filter>Source files\Core\Inc</Filter>
    </ClInclude>
  </ItemGroup>
</Project>